
Microsoft Visual Studio Solution File, Format Version 12.00
# Visual Studio Version 17
VisualStudioVersion = 17.9.34728.123
MinimumVisualStudioVersion = 10.0.40219.1
Project("{FAE04EC0-301F-11D3-BF4B-00C04F79EFBC}") = "Payments", "Payments\Payments.csproj", "{695E2EC2-426C-4FE7-A671-A99889132989}"
EndProject
Global
	GlobalSection(SolutionConfigurationPlatforms) = preSolution
		Debug|Any CPU = Debug|Any CPU
		Release|Any CPU = Release|Any CPU
	EndGlobalSection
	GlobalSection(ProjectConfigurationPlatforms) = postSolution
		{695E2EC2-426C-4FE7-A671-A99889132989}.Debug|Any CPU.ActiveCfg = Debug|Any CPU
		{695E2EC2-426C-4FE7-A671-A99889132989}.Debug|Any CPU.Build.0 = Debug|Any CPU
		{695E2EC2-426C-4FE7-A671-A99889132989}.Release|Any CPU.ActiveCfg = Release|Any CPU
		{695E2EC2-426C-4FE7-A671-A99889132989}.Release|Any CPU.Build.0 = Release|Any CPU
	EndGlobalSection
	GlobalSection(SolutionProperties) = preSolution
		HideSolutionNode = FALSE
	EndGlobalSection
	GlobalSection(ExtensibilityGlobals) = postSolution
		SolutionGuid = {114942A7-A327-4F2B-B6CF-D472357E4098}
	EndGlobalSection
EndGlobal
